
Microsoft Visual Studio Solution File, Format Version 12.00
# Visual Studio Version 16
VisualStudioVersion = 16.0.30002.166
MinimumVisualStudioVersion = 10.0.40219.1
Project("{FAE04EC0-301F-11D3-BF4B-00C04F79EFBC}") = "HelloWorld", "SimpleFileLogging\HelloWorld.csproj", "{A76FCE2F-C3EF-42C9-A15C-0F74695B3213}"
EndProject
Global
	GlobalSection(SolutionConfigurationPlatforms) = preSolution
		Debug|Any CPU = Debug|Any CPU
		Release|Any CPU = Release|Any CPU
	EndGlobalSection
	GlobalSection(ProjectConfigurationPlatforms) = postSolution
		{A76FCE2F-C3EF-42C9-A15C-0F74695B3213}.Debug|Any CPU.ActiveCfg = Debug|Any CPU
		{A76FCE2F-C3EF-42C9-A15C-0F74695B3213}.Debug|Any CPU.Build.0 = Debug|Any CPU
		{A76FCE2F-C3EF-42C9-A15C-0F74695B3213}.Release|Any CPU.ActiveCfg = Release|Any CPU
		{A76FCE2F-C3EF-42C9-A15C-0F74695B3213}.Release|Any CPU.Build.0 = Release|Any CPU
	EndGlobalSection
	GlobalSection(SolutionProperties) = preSolution
		HideSolutionNode = FALSE
	EndGlobalSection
	GlobalSection(ExtensibilityGlobals) = postSolution
		SolutionGuid = {4DCCD229-45BE-43ED-B7EB-C4F2C2F2BB92}
	EndGlobalSection
EndGlobal
